<?xml version="1.0" encoding="utf-8"?>
<Project ToolsVersion="17.0" xmlns="http://schemas.microsoft.com/developer/msbuild/2003">
  <ItemGroup>
    <CustomBuild Include="D:\Workspace\jk2mv-tom\build-clean\CMakeFiles\719249d6c190dbf060c5dff75d76a1c7\INSTALL_force.rule">
      <Filter>CMake Rules</Filter>
    </CustomBuild>
  </ItemGroup>
  <ItemGroup>
    <Filter Include="CMake Rules">
      <UniqueIdentifier>{390838C7-6FD8-324C-9019-129EB31923EC}</UniqueIdentifier>
    </Filter>
  </ItemGroup>
</Project>
