<?xml version="1.0" encoding="utf-8"?>
<Project ToolsVersion="17.0" xmlns="http://schemas.microsoft.com/developer/msbuild/2003">
  <ItemGroup>
    <ClCompile Include="D:\Workspace\jk2mv-tom\libs\mongoose\mongoose.c">
      <Filter>Source Files</Filter>
    </ClCompile>
  </ItemGroup>
  <ItemGroup>
    <CustomBuild Include="D:\Workspace\jk2mv-tom\libs\mongoose\CMakeLists.txt" />
  </ItemGroup>
  <ItemGroup>
    <Filter Include="Source Files">
      <UniqueIdentifier>{C52F9EEB-7B12-3B1B-81B3-8042CB6E761C}</UniqueIdentifier>
    </Filter>
  </ItemGroup>
</Project>
