
Microsoft Visual Studio Solution File, Format Version 12.00
# Visual Studio Version 17
Project("{2150E333-8FDC-42A3-9474-1A3956D46DE8}") = "CMakePredefinedTargets", "CMakePredefinedTargets", "{69E31A15-3B1E-3E91-B409-BFFBE456FEAE}"
EndProject
Project("{2150E333-8FDC-42A3-9474-1A3956D46DE8}") = "Modules", "Modules", "{FC1741C6-B1A1-3F43-A240-C180C4E632E1}"
EndProject
Project("{2150E333-8FDC-42A3-9474-1A3956D46DE8}") = "Tools", "Tools", "{4D49FD49-5EAD-3663-AB11-3834EAA0CF3E}"
EndProject
Project("{2150E333-8FDC-42A3-9474-1A3956D46DE8}") = "assets", "assets", "{F1D5DE39-910F-3DEE-9634-317ADB608DCC}"
EndProject
Project("{2150E333-8FDC-42A3-9474-1A3956D46DE8}") = "libs", "libs", "{16A6D89B-A137-3629-BDA9-CAA957F6AD71}"
EndProject
Project("{2150E333-8FDC-42A3-9474-1A3956D46DE8}") = "libjpeg-turbo", "libs\libjpeg-turbo", "{9B798F63-759D-3A3F-9AF3-812BA8EF1359}"
EndProject
Project("{8BC9CEB8-8B4A-11D0-8D11-00A0C91BC942}") = "ALL_BUILD", "ALL_BUILD.vcxproj", "{935DD0D9-586A-37D5-A513-CCEC15FB66B8}"
	ProjectSection(ProjectDependencies) = postProject
		{1E2870C7-9622-3C25-8C5E-A21866FD2944} = {1E2870C7-9622-3C25-8C5E-A21866FD2944}
		{F7AB97DB-A6ED-3DA8-9F18-B9248CFEFD1E} = {F7AB97DB-A6ED-3DA8-9F18-B9248CFEFD1E}
		{78301520-9224-3A70-830B-D2090F7114D8} = {78301520-9224-3A70-830B-D2090F7114D8}
		{2361C432-B486-398D-AD80-DFF2DA45F3AC} = {2361C432-B486-398D-AD80-DFF2DA45F3AC}
		{5A133F1C-BDB0-3DDA-8FD6-3B03227A40FB} = {5A133F1C-BDB0-3DDA-8FD6-3B03227A40FB}
		{17B0680F-622E-3340-B362-BDC63B30A246} = {17B0680F-622E-3340-B362-BDC63B30A246}
		{3F6E0A0B-C7F7-3840-90A0-AC41EB6E5959} = {3F6E0A0B-C7F7-3840-90A0-AC41EB6E5959}
		{207A7D85-F006-38F4-9D72-CABA0BBF98B5} = {207A7D85-F006-38F4-9D72-CABA0BBF98B5}
		{39C26BA8-CF6D-3F66-B51D-D4ACBA729E48} = {39C26BA8-CF6D-3F66-B51D-D4ACBA729E48}
		{888C29B2-4340-3C5F-9A78-E68068D096F4} = {888C29B2-4340-3C5F-9A78-E68068D096F4}
		{F9A7A9D9-590D-3D30-9F6A-1B533BE76DE0} = {F9A7A9D9-590D-3D30-9F6A-1B533BE76DE0}
		{68814ADF-650D-390A-A5B5-5E7090229592} = {68814ADF-650D-390A-A5B5-5E7090229592}
		{F5B5C9B5-FFD2-3F64-B05A-5D579DBF2797} = {F5B5C9B5-FFD2-3F64-B05A-5D579DBF2797}
		{4D8A6D9A-C918-31DB-B322-B0F2730CF33C} = {4D8A6D9A-C918-31DB-B322-B0F2730CF33C}
		{3908BED3-8446-30CE-8D30-BD6EF4D5DFE9} = {3908BED3-8446-30CE-8D30-BD6EF4D5DFE9}
		{4A8D129A-F384-36AC-828E-B4A1C8C79980} = {4A8D129A-F384-36AC-828E-B4A1C8C79980}
		{F9BAA268-9703-39E6-89AE-C0FEBDDA12BC} = {F9BAA268-9703-39E6-89AE-C0FEBDDA12BC}
		{8187B345-5D62-3533-BCF6-603DAAD6CFD1} = {8187B345-5D62-3533-BCF6-603DAAD6CFD1}
	EndProjectSection
EndProject
Project("{8BC9CEB8-8B4A-11D0-8D11-00A0C91BC942}") = "INSTALL", "INSTALL.vcxproj", "{46FEF014-2F89-32D7-B9F2-5230AD2DE93C}"
	ProjectSection(ProjectDependencies) = postProject
		{935DD0D9-586A-37D5-A513-CCEC15FB66B8} = {935DD0D9-586A-37D5-A513-CCEC15FB66B8}
		{1E2870C7-9622-3C25-8C5E-A21866FD2944} = {1E2870C7-9622-3C25-8C5E-A21866FD2944}
	EndProjectSection
EndProject
Project("{8BC9CEB8-8B4A-11D0-8D11-00A0C91BC942}") = "PACKAGE", "PACKAGE.vcxproj", "{CC4D45EB-60A1-3342-A094-6D057095456A}"
	ProjectSection(ProjectDependencies) = postProject
		{935DD0D9-586A-37D5-A513-CCEC15FB66B8} = {935DD0D9-586A-37D5-A513-CCEC15FB66B8}
		{1E2870C7-9622-3C25-8C5E-A21866FD2944} = {1E2870C7-9622-3C25-8C5E-A21866FD2944}
	EndProjectSection
EndProject
Project("{8BC9CEB8-8B4A-11D0-8D11-00A0C91BC942}") = "ZERO_CHECK", "ZERO_CHECK.vcxproj", "{1E2870C7-9622-3C25-8C5E-A21866FD2944}"
	ProjectSection(ProjectDependencies) = postProject
	EndProjectSection
EndProject
Project("{8BC9CEB8-8B4A-11D0-8D11-00A0C91BC942}") = "assets-jk2pro", "assets\jk2pro\assets-jk2pro.vcxproj", "{41BF0E3C-0D6A-3873-9FAF-A039451C3804}"
	ProjectSection(ProjectDependencies) = postProject
		{1E2870C7-9622-3C25-8C5E-A21866FD2944} = {1E2870C7-9622-3C25-8C5E-A21866FD2944}
	EndProjectSection
EndProject
Project("{8BC9CEB8-8B4A-11D0-8D11-00A0C91BC942}") = "assetsmv", "assets\jk2mv\assetsmv.vcxproj", "{AF3F1E69-A8E1-36B9-B4BC-2850580C06BD}"
	ProjectSection(ProjectDependencies) = postProject
		{1E2870C7-9622-3C25-8C5E-A21866FD2944} = {1E2870C7-9622-3C25-8C5E-A21866FD2944}
	EndProjectSection
EndProject
Project("{8BC9CEB8-8B4A-11D0-8D11-00A0C91BC942}") = "assetsmv2", "src\mvsdk\code\assetsmv2.vcxproj", "{520ACA72-CDDB-355E-B76B-B2F300696B9D}"
	ProjectSection(ProjectDependencies) = postProject
		{1E2870C7-9622-3C25-8C5E-A21866FD2944} = {1E2870C7-9622-3C25-8C5E-A21866FD2944}
		{D3538D75-9F02-3E87-B28F-1866C391D886} = {D3538D75-9F02-3E87-B28F-1866C391D886}
	EndProjectSection
EndProject
Project("{8BC9CEB8-8B4A-11D0-8D11-00A0C91BC942}") = "bins-jk2pro", "src\mvsdk\code\bins-jk2pro.vcxproj", "{94048A5D-B742-377F-BA1E-56FC3C36F62A}"
	ProjectSection(ProjectDependencies) = postProject
		{1E2870C7-9622-3C25-8C5E-A21866FD2944} = {1E2870C7-9622-3C25-8C5E-A21866FD2944}
		{D3538D75-9F02-3E87-B28F-1866C391D886} = {D3538D75-9F02-3E87-B28F-1866C391D886}
	EndProjectSection
EndProject
Project("{8BC9CEB8-8B4A-11D0-8D11-00A0C91BC942}") = "build-assets", "build-assets.vcxproj", "{C95FF20A-F099-32CE-8788-D87647E76967}"
	ProjectSection(ProjectDependencies) = postProject
		{1E2870C7-9622-3C25-8C5E-A21866FD2944} = {1E2870C7-9622-3C25-8C5E-A21866FD2944}
		{C782ADF9-74FD-39D7-97BE-34961E6230C1} = {C782ADF9-74FD-39D7-97BE-34961E6230C1}
	EndProjectSection
EndProject
Project("{8BC9CEB8-8B4A-11D0-8D11-00A0C91BC942}") = "cgame_x64", "src\mvsdk\code\cgame\cgame_x64.vcxproj", "{F7AB97DB-A6ED-3DA8-9F18-B9248CFEFD1E}"
	ProjectSection(ProjectDependencies) = postProject
		{1E2870C7-9622-3C25-8C5E-A21866FD2944} = {1E2870C7-9622-3C25-8C5E-A21866FD2944}
	EndProjectSection
EndProject
Project("{8BC9CEB8-8B4A-11D0-8D11-00A0C91BC942}") = "eternaljk2mvded", "src\eternaljk2mvded.vcxproj", "{78301520-9224-3A70-830B-D2090F7114D8}"
	ProjectSection(ProjectDependencies) = postProject
		{1E2870C7-9622-3C25-8C5E-A21866FD2944} = {1E2870C7-9622-3C25-8C5E-A21866FD2944}
		{F9A7A9D9-590D-3D30-9F6A-1B533BE76DE0} = {F9A7A9D9-590D-3D30-9F6A-1B533BE76DE0}
		{68814ADF-650D-390A-A5B5-5E7090229592} = {68814ADF-650D-390A-A5B5-5E7090229592}
		{C782ADF9-74FD-39D7-97BE-34961E6230C1} = {C782ADF9-74FD-39D7-97BE-34961E6230C1}
		{8187B345-5D62-3533-BCF6-603DAAD6CFD1} = {8187B345-5D62-3533-BCF6-603DAAD6CFD1}
	EndProjectSection
EndProject
Project("{8BC9CEB8-8B4A-11D0-8D11-00A0C91BC942}") = "eternaljk2mvmenu_x64", "src\eternaljk2mvmenu_x64.vcxproj", "{2361C432-B486-398D-AD80-DFF2DA45F3AC}"
	ProjectSection(ProjectDependencies) = postProject
		{1E2870C7-9622-3C25-8C5E-A21866FD2944} = {1E2870C7-9622-3C25-8C5E-A21866FD2944}
	EndProjectSection
EndProject
Project("{8BC9CEB8-8B4A-11D0-8D11-00A0C91BC942}") = "eternaljk2mvmp", "src\eternaljk2mvmp.vcxproj", "{5A133F1C-BDB0-3DDA-8FD6-3B03227A40FB}"
	ProjectSection(ProjectDependencies) = postProject
		{1E2870C7-9622-3C25-8C5E-A21866FD2944} = {1E2870C7-9622-3C25-8C5E-A21866FD2944}
		{2361C432-B486-398D-AD80-DFF2DA45F3AC} = {2361C432-B486-398D-AD80-DFF2DA45F3AC}
		{3F6E0A0B-C7F7-3840-90A0-AC41EB6E5959} = {3F6E0A0B-C7F7-3840-90A0-AC41EB6E5959}
		{888C29B2-4340-3C5F-9A78-E68068D096F4} = {888C29B2-4340-3C5F-9A78-E68068D096F4}
		{F9A7A9D9-590D-3D30-9F6A-1B533BE76DE0} = {F9A7A9D9-590D-3D30-9F6A-1B533BE76DE0}
		{68814ADF-650D-390A-A5B5-5E7090229592} = {68814ADF-650D-390A-A5B5-5E7090229592}
		{C782ADF9-74FD-39D7-97BE-34961E6230C1} = {C782ADF9-74FD-39D7-97BE-34961E6230C1}
		{8187B345-5D62-3533-BCF6-603DAAD6CFD1} = {8187B345-5D62-3533-BCF6-603DAAD6CFD1}
	EndProjectSection
EndProject
Project("{8BC9CEB8-8B4A-11D0-8D11-00A0C91BC942}") = "jk2mpgame_x64", "src\mvsdk\code\game\jk2mpgame_x64.vcxproj", "{17B0680F-622E-3340-B362-BDC63B30A246}"
	ProjectSection(ProjectDependencies) = postProject
		{1E2870C7-9622-3C25-8C5E-A21866FD2944} = {1E2870C7-9622-3C25-8C5E-A21866FD2944}
	EndProjectSection
EndProject
Project("{8BC9CEB8-8B4A-11D0-8D11-00A0C91BC942}") = "jpeg-static", "libs\libjpeg-turbo\jpeg-static.vcxproj", "{3F6E0A0B-C7F7-3840-90A0-AC41EB6E5959}"
	ProjectSection(ProjectDependencies) = postProject
		{1E2870C7-9622-3C25-8C5E-A21866FD2944} = {1E2870C7-9622-3C25-8C5E-A21866FD2944}
		{207A7D85-F006-38F4-9D72-CABA0BBF98B5} = {207A7D85-F006-38F4-9D72-CABA0BBF98B5}
		{39C26BA8-CF6D-3F66-B51D-D4ACBA729E48} = {39C26BA8-CF6D-3F66-B51D-D4ACBA729E48}
	EndProjectSection
EndProject
Project("{8BC9CEB8-8B4A-11D0-8D11-00A0C91BC942}") = "jpeg12-static", "libs\libjpeg-turbo\jpeg12-static.vcxproj", "{207A7D85-F006-38F4-9D72-CABA0BBF98B5}"
	ProjectSection(ProjectDependencies) = postProject
		{1E2870C7-9622-3C25-8C5E-A21866FD2944} = {1E2870C7-9622-3C25-8C5E-A21866FD2944}
	EndProjectSection
EndProject
Project("{8BC9CEB8-8B4A-11D0-8D11-00A0C91BC942}") = "jpeg16-static", "libs\libjpeg-turbo\jpeg16-static.vcxproj", "{39C26BA8-CF6D-3F66-B51D-D4ACBA729E48}"
	ProjectSection(ProjectDependencies) = postProject
		{1E2870C7-9622-3C25-8C5E-A21866FD2944} = {1E2870C7-9622-3C25-8C5E-A21866FD2944}
	EndProjectSection
EndProject
Project("{8BC9CEB8-8B4A-11D0-8D11-00A0C91BC942}") = "libpng", "libs\libpng\libpng.vcxproj", "{888C29B2-4340-3C5F-9A78-E68068D096F4}"
	ProjectSection(ProjectDependencies) = postProject
		{1E2870C7-9622-3C25-8C5E-A21866FD2944} = {1E2870C7-9622-3C25-8C5E-A21866FD2944}
	EndProjectSection
EndProject
Project("{8BC9CEB8-8B4A-11D0-8D11-00A0C91BC942}") = "minizip", "libs\minizip\minizip.vcxproj", "{F9A7A9D9-590D-3D30-9F6A-1B533BE76DE0}"
	ProjectSection(ProjectDependencies) = postProject
		{1E2870C7-9622-3C25-8C5E-A21866FD2944} = {1E2870C7-9622-3C25-8C5E-A21866FD2944}
	EndProjectSection
EndProject
Project("{8BC9CEB8-8B4A-11D0-8D11-00A0C91BC942}") = "mongoose", "libs\mongoose\mongoose.vcxproj", "{68814ADF-650D-390A-A5B5-5E7090229592}"
	ProjectSection(ProjectDependencies) = postProject
		{1E2870C7-9622-3C25-8C5E-A21866FD2944} = {1E2870C7-9622-3C25-8C5E-A21866FD2944}
	EndProjectSection
EndProject
Project("{8BC9CEB8-8B4A-11D0-8D11-00A0C91BC942}") = "mv-assets", "src\mvsdk\code\mv-assets.vcxproj", "{C782ADF9-74FD-39D7-97BE-34961E6230C1}"
	ProjectSection(ProjectDependencies) = postProject
		{1E2870C7-9622-3C25-8C5E-A21866FD2944} = {1E2870C7-9622-3C25-8C5E-A21866FD2944}
		{520ACA72-CDDB-355E-B76B-B2F300696B9D} = {520ACA72-CDDB-355E-B76B-B2F300696B9D}
		{94048A5D-B742-377F-BA1E-56FC3C36F62A} = {94048A5D-B742-377F-BA1E-56FC3C36F62A}
	EndProjectSection
EndProject
Project("{8BC9CEB8-8B4A-11D0-8D11-00A0C91BC942}") = "q3asm", "src\mvsdk\tools\asm\q3asm.vcxproj", "{F5B5C9B5-FFD2-3F64-B05A-5D579DBF2797}"
	ProjectSection(ProjectDependencies) = postProject
		{1E2870C7-9622-3C25-8C5E-A21866FD2944} = {1E2870C7-9622-3C25-8C5E-A21866FD2944}
	EndProjectSection
EndProject
Project("{8BC9CEB8-8B4A-11D0-8D11-00A0C91BC942}") = "q3cpp", "src\mvsdk\tools\cpp\q3cpp.vcxproj", "{4D8A6D9A-C918-31DB-B322-B0F2730CF33C}"
	ProjectSection(ProjectDependencies) = postProject
		{1E2870C7-9622-3C25-8C5E-A21866FD2944} = {1E2870C7-9622-3C25-8C5E-A21866FD2944}
	EndProjectSection
EndProject
Project("{8BC9CEB8-8B4A-11D0-8D11-00A0C91BC942}") = "q3lcc", "src\mvsdk\tools\lcc\q3lcc.vcxproj", "{3908BED3-8446-30CE-8D30-BD6EF4D5DFE9}"
	ProjectSection(ProjectDependencies) = postProject
		{1E2870C7-9622-3C25-8C5E-A21866FD2944} = {1E2870C7-9622-3C25-8C5E-A21866FD2944}
	EndProjectSection
EndProject
Project("{8BC9CEB8-8B4A-11D0-8D11-00A0C91BC942}") = "q3rcc", "src\mvsdk\tools\rcc\q3rcc.vcxproj", "{4A8D129A-F384-36AC-828E-B4A1C8C79980}"
	ProjectSection(ProjectDependencies) = postProject
		{1E2870C7-9622-3C25-8C5E-A21866FD2944} = {1E2870C7-9622-3C25-8C5E-A21866FD2944}
	EndProjectSection
EndProject
Project("{8BC9CEB8-8B4A-11D0-8D11-00A0C91BC942}") = "qvms", "src\mvsdk\code\qvms.vcxproj", "{D3538D75-9F02-3E87-B28F-1866C391D886}"
	ProjectSection(ProjectDependencies) = postProject
		{1E2870C7-9622-3C25-8C5E-A21866FD2944} = {1E2870C7-9622-3C25-8C5E-A21866FD2944}
		{F5B5C9B5-FFD2-3F64-B05A-5D579DBF2797} = {F5B5C9B5-FFD2-3F64-B05A-5D579DBF2797}
		{4D8A6D9A-C918-31DB-B322-B0F2730CF33C} = {4D8A6D9A-C918-31DB-B322-B0F2730CF33C}
		{3908BED3-8446-30CE-8D30-BD6EF4D5DFE9} = {3908BED3-8446-30CE-8D30-BD6EF4D5DFE9}
		{4A8D129A-F384-36AC-828E-B4A1C8C79980} = {4A8D129A-F384-36AC-828E-B4A1C8C79980}
	EndProjectSection
EndProject
Project("{8BC9CEB8-8B4A-11D0-8D11-00A0C91BC942}") = "ui_x64", "src\mvsdk\code\ui\ui_x64.vcxproj", "{F9BAA268-9703-39E6-89AE-C0FEBDDA12BC}"
	ProjectSection(ProjectDependencies) = postProject
		{1E2870C7-9622-3C25-8C5E-A21866FD2944} = {1E2870C7-9622-3C25-8C5E-A21866FD2944}
	EndProjectSection
EndProject
Project("{8BC9CEB8-8B4A-11D0-8D11-00A0C91BC942}") = "zlib", "libs\zlib\zlib.vcxproj", "{8187B345-5D62-3533-BCF6-603DAAD6CFD1}"
	ProjectSection(ProjectDependencies) = postProject
		{1E2870C7-9622-3C25-8C5E-A21866FD2944} = {1E2870C7-9622-3C25-8C5E-A21866FD2944}
	EndProjectSection
EndProject
Global
	GlobalSection(SolutionConfigurationPlatforms) = preSolution
		Debug|x64 = Debug|x64
		Release|x64 = Release|x64
		MinSizeRel|x64 = MinSizeRel|x64
		RelWithDebInfo|x64 = RelWithDebInfo|x64
	EndGlobalSection
	GlobalSection(ProjectConfigurationPlatforms) = postSolution
		{935DD0D9-586A-37D5-A513-CCEC15FB66B8}.Debug|x64.ActiveCfg = Debug|x64
		{935DD0D9-586A-37D5-A513-CCEC15FB66B8}.Debug|x64.Build.0 = Debug|x64
		{935DD0D9-586A-37D5-A513-CCEC15FB66B8}.Release|x64.ActiveCfg = Release|x64
		{935DD0D9-586A-37D5-A513-CCEC15FB66B8}.Release|x64.Build.0 = Release|x64
		{935DD0D9-586A-37D5-A513-CCEC15FB66B8}.MinSizeRel|x64.ActiveCfg = MinSizeRel|x64
		{935DD0D9-586A-37D5-A513-CCEC15FB66B8}.MinSizeRel|x64.Build.0 = MinSizeRel|x64
		{935DD0D9-586A-37D5-A513-CCEC15FB66B8}.RelWithDebInfo|x64.ActiveCfg = RelWithDebInfo|x64
		{935DD0D9-586A-37D5-A513-CCEC15FB66B8}.RelWithDebInfo|x64.Build.0 = RelWithDebInfo|x64
		{46FEF014-2F89-32D7-B9F2-5230AD2DE93C}.Debug|x64.ActiveCfg = Debug|x64
		{46FEF014-2F89-32D7-B9F2-5230AD2DE93C}.Release|x64.ActiveCfg = Release|x64
		{46FEF014-2F89-32D7-B9F2-5230AD2DE93C}.MinSizeRel|x64.ActiveCfg = MinSizeRel|x64
		{46FEF014-2F89-32D7-B9F2-5230AD2DE93C}.RelWithDebInfo|x64.ActiveCfg = RelWithDebInfo|x64
		{CC4D45EB-60A1-3342-A094-6D057095456A}.Debug|x64.ActiveCfg = Debug|x64
		{CC4D45EB-60A1-3342-A094-6D057095456A}.Release|x64.ActiveCfg = Release|x64
		{CC4D45EB-60A1-3342-A094-6D057095456A}.MinSizeRel|x64.ActiveCfg = MinSizeRel|x64
		{CC4D45EB-60A1-3342-A094-6D057095456A}.RelWithDebInfo|x64.ActiveCfg = RelWithDebInfo|x64
		{1E2870C7-9622-3C25-8C5E-A21866FD2944}.Debug|x64.ActiveCfg = Debug|x64
		{1E2870C7-9622-3C25-8C5E-A21866FD2944}.Debug|x64.Build.0 = Debug|x64
		{1E2870C7-9622-3C25-8C5E-A21866FD2944}.Release|x64.ActiveCfg = Release|x64
		{1E2870C7-9622-3C25-8C5E-A21866FD2944}.Release|x64.Build.0 = Release|x64
		{1E2870C7-9622-3C25-8C5E-A21866FD2944}.MinSizeRel|x64.ActiveCfg = MinSizeRel|x64
		{1E2870C7-9622-3C25-8C5E-A21866FD2944}.MinSizeRel|x64.Build.0 = MinSizeRel|x64
		{1E2870C7-9622-3C25-8C5E-A21866FD2944}.RelWithDebInfo|x64.ActiveCfg = RelWithDebInfo|x64
		{1E2870C7-9622-3C25-8C5E-A21866FD2944}.RelWithDebInfo|x64.Build.0 = RelWithDebInfo|x64
		{41BF0E3C-0D6A-3873-9FAF-A039451C3804}.Debug|x64.ActiveCfg = Debug|x64
		{41BF0E3C-0D6A-3873-9FAF-A039451C3804}.Release|x64.ActiveCfg = Release|x64
		{41BF0E3C-0D6A-3873-9FAF-A039451C3804}.MinSizeRel|x64.ActiveCfg = MinSizeRel|x64
		{41BF0E3C-0D6A-3873-9FAF-A039451C3804}.RelWithDebInfo|x64.ActiveCfg = RelWithDebInfo|x64
		{AF3F1E69-A8E1-36B9-B4BC-2850580C06BD}.Debug|x64.ActiveCfg = Debug|x64
		{AF3F1E69-A8E1-36B9-B4BC-2850580C06BD}.Release|x64.ActiveCfg = Release|x64
		{AF3F1E69-A8E1-36B9-B4BC-2850580C06BD}.MinSizeRel|x64.ActiveCfg = MinSizeRel|x64
		{AF3F1E69-A8E1-36B9-B4BC-2850580C06BD}.RelWithDebInfo|x64.ActiveCfg = RelWithDebInfo|x64
		{520ACA72-CDDB-355E-B76B-B2F300696B9D}.Debug|x64.ActiveCfg = Debug|x64
		{520ACA72-CDDB-355E-B76B-B2F300696B9D}.Debug|x64.Build.0 = Debug|x64
		{520ACA72-CDDB-355E-B76B-B2F300696B9D}.Release|x64.ActiveCfg = Release|x64
		{520ACA72-CDDB-355E-B76B-B2F300696B9D}.Release|x64.Build.0 = Release|x64
		{520ACA72-CDDB-355E-B76B-B2F300696B9D}.MinSizeRel|x64.ActiveCfg = MinSizeRel|x64
		{520ACA72-CDDB-355E-B76B-B2F300696B9D}.MinSizeRel|x64.Build.0 = MinSizeRel|x64
		{520ACA72-CDDB-355E-B76B-B2F300696B9D}.RelWithDebInfo|x64.ActiveCfg = RelWithDebInfo|x64
		{520ACA72-CDDB-355E-B76B-B2F300696B9D}.RelWithDebInfo|x64.Build.0 = RelWithDebInfo|x64
		{94048A5D-B742-377F-BA1E-56FC3C36F62A}.Debug|x64.ActiveCfg = Debug|x64
		{94048A5D-B742-377F-BA1E-56FC3C36F62A}.Debug|x64.Build.0 = Debug|x64
		{94048A5D-B742-377F-BA1E-56FC3C36F62A}.Release|x64.ActiveCfg = Release|x64
		{94048A5D-B742-377F-BA1E-56FC3C36F62A}.Release|x64.Build.0 = Release|x64
		{94048A5D-B742-377F-BA1E-56FC3C36F62A}.MinSizeRel|x64.ActiveCfg = MinSizeRel|x64
		{94048A5D-B742-377F-BA1E-56FC3C36F62A}.MinSizeRel|x64.Build.0 = MinSizeRel|x64
		{94048A5D-B742-377F-BA1E-56FC3C36F62A}.RelWithDebInfo|x64.ActiveCfg = RelWithDebInfo|x64
		{94048A5D-B742-377F-BA1E-56FC3C36F62A}.RelWithDebInfo|x64.Build.0 = RelWithDebInfo|x64
		{C95FF20A-F099-32CE-8788-D87647E76967}.Debug|x64.ActiveCfg = Debug|x64
		{C95FF20A-F099-32CE-8788-D87647E76967}.Release|x64.ActiveCfg = Release|x64
		{C95FF20A-F099-32CE-8788-D87647E76967}.MinSizeRel|x64.ActiveCfg = MinSizeRel|x64
		{C95FF20A-F099-32CE-8788-D87647E76967}.RelWithDebInfo|x64.ActiveCfg = RelWithDebInfo|x64
		{F7AB97DB-A6ED-3DA8-9F18-B9248CFEFD1E}.Debug|x64.ActiveCfg = Debug|x64
		{F7AB97DB-A6ED-3DA8-9F18-B9248CFEFD1E}.Debug|x64.Build.0 = Debug|x64
		{F7AB97DB-A6ED-3DA8-9F18-B9248CFEFD1E}.Release|x64.ActiveCfg = Release|x64
		{F7AB97DB-A6ED-3DA8-9F18-B9248CFEFD1E}.Release|x64.Build.0 = Release|x64
		{F7AB97DB-A6ED-3DA8-9F18-B9248CFEFD1E}.MinSizeRel|x64.ActiveCfg = MinSizeRel|x64
		{F7AB97DB-A6ED-3DA8-9F18-B9248CFEFD1E}.MinSizeRel|x64.Build.0 = MinSizeRel|x64
		{F7AB97DB-A6ED-3DA8-9F18-B9248CFEFD1E}.RelWithDebInfo|x64.ActiveCfg = RelWithDebInfo|x64
		{F7AB97DB-A6ED-3DA8-9F18-B9248CFEFD1E}.RelWithDebInfo|x64.Build.0 = RelWithDebInfo|x64
		{78301520-9224-3A70-830B-D2090F7114D8}.Debug|x64.ActiveCfg = Debug|x64
		{78301520-9224-3A70-830B-D2090F7114D8}.Debug|x64.Build.0 = Debug|x64
		{78301520-9224-3A70-830B-D2090F7114D8}.Release|x64.ActiveCfg = Release|x64
		{78301520-9224-3A70-830B-D2090F7114D8}.Release|x64.Build.0 = Release|x64
		{78301520-9224-3A70-830B-D2090F7114D8}.MinSizeRel|x64.ActiveCfg = MinSizeRel|x64
		{78301520-9224-3A70-830B-D2090F7114D8}.MinSizeRel|x64.Build.0 = MinSizeRel|x64
		{78301520-9224-3A70-830B-D2090F7114D8}.RelWithDebInfo|x64.ActiveCfg = RelWithDebInfo|x64
		{78301520-9224-3A70-830B-D2090F7114D8}.RelWithDebInfo|x64.Build.0 = RelWithDebInfo|x64
		{2361C432-B486-398D-AD80-DFF2DA45F3AC}.Debug|x64.ActiveCfg = Debug|x64
		{2361C432-B486-398D-AD80-DFF2DA45F3AC}.Debug|x64.Build.0 = Debug|x64
		{2361C432-B486-398D-AD80-DFF2DA45F3AC}.Release|x64.ActiveCfg = Release|x64
		{2361C432-B486-398D-AD80-DFF2DA45F3AC}.Release|x64.Build.0 = Release|x64
		{2361C432-B486-398D-AD80-DFF2DA45F3AC}.MinSizeRel|x64.ActiveCfg = MinSizeRel|x64
		{2361C432-B486-398D-AD80-DFF2DA45F3AC}.MinSizeRel|x64.Build.0 = MinSizeRel|x64
		{2361C432-B486-398D-AD80-DFF2DA45F3AC}.RelWithDebInfo|x64.ActiveCfg = RelWithDebInfo|x64
		{2361C432-B486-398D-AD80-DFF2DA45F3AC}.RelWithDebInfo|x64.Build.0 = RelWithDebInfo|x64
		{5A133F1C-BDB0-3DDA-8FD6-3B03227A40FB}.Debug|x64.ActiveCfg = Debug|x64
		{5A133F1C-BDB0-3DDA-8FD6-3B03227A40FB}.Debug|x64.Build.0 = Debug|x64
		{5A133F1C-BDB0-3DDA-8FD6-3B03227A40FB}.Release|x64.ActiveCfg = Release|x64
		{5A133F1C-BDB0-3DDA-8FD6-3B03227A40FB}.Release|x64.Build.0 = Release|x64
		{5A133F1C-BDB0-3DDA-8FD6-3B03227A40FB}.MinSizeRel|x64.ActiveCfg = MinSizeRel|x64
		{5A133F1C-BDB0-3DDA-8FD6-3B03227A40FB}.MinSizeRel|x64.Build.0 = MinSizeRel|x64
		{5A133F1C-BDB0-3DDA-8FD6-3B03227A40FB}.RelWithDebInfo|x64.ActiveCfg = RelWithDebInfo|x64
		{5A133F1C-BDB0-3DDA-8FD6-3B03227A40FB}.RelWithDebInfo|x64.Build.0 = RelWithDebInfo|x64
		{17B0680F-622E-3340-B362-BDC63B30A246}.Debug|x64.ActiveCfg = Debug|x64
		{17B0680F-622E-3340-B362-BDC63B30A246}.Debug|x64.Build.0 = Debug|x64
		{17B0680F-622E-3340-B362-BDC63B30A246}.Release|x64.ActiveCfg = Release|x64
		{17B0680F-622E-3340-B362-BDC63B30A246}.Release|x64.Build.0 = Release|x64
		{17B0680F-622E-3340-B362-BDC63B30A246}.MinSizeRel|x64.ActiveCfg = MinSizeRel|x64
		{17B0680F-622E-3340-B362-BDC63B30A246}.MinSizeRel|x64.Build.0 = MinSizeRel|x64
		{17B0680F-622E-3340-B362-BDC63B30A246}.RelWithDebInfo|x64.ActiveCfg = RelWithDebInfo|x64
		{17B0680F-622E-3340-B362-BDC63B30A246}.RelWithDebInfo|x64.Build.0 = RelWithDebInfo|x64
		{3F6E0A0B-C7F7-3840-90A0-AC41EB6E5959}.Debug|x64.ActiveCfg = Debug|x64
		{3F6E0A0B-C7F7-3840-90A0-AC41EB6E5959}.Debug|x64.Build.0 = Debug|x64
		{3F6E0A0B-C7F7-3840-90A0-AC41EB6E5959}.Release|x64.ActiveCfg = Release|x64
		{3F6E0A0B-C7F7-3840-90A0-AC41EB6E5959}.Release|x64.Build.0 = Release|x64
		{3F6E0A0B-C7F7-3840-90A0-AC41EB6E5959}.MinSizeRel|x64.ActiveCfg = MinSizeRel|x64
		{3F6E0A0B-C7F7-3840-90A0-AC41EB6E5959}.MinSizeRel|x64.Build.0 = MinSizeRel|x64
		{3F6E0A0B-C7F7-3840-90A0-AC41EB6E5959}.RelWithDebInfo|x64.ActiveCfg = RelWithDebInfo|x64
		{3F6E0A0B-C7F7-3840-90A0-AC41EB6E5959}.RelWithDebInfo|x64.Build.0 = RelWithDebInfo|x64
		{207A7D85-F006-38F4-9D72-CABA0BBF98B5}.Debug|x64.ActiveCfg = Debug|x64
		{207A7D85-F006-38F4-9D72-CABA0BBF98B5}.Debug|x64.Build.0 = Debug|x64
		{207A7D85-F006-38F4-9D72-CABA0BBF98B5}.Release|x64.ActiveCfg = Release|x64
		{207A7D85-F006-38F4-9D72-CABA0BBF98B5}.Release|x64.Build.0 = Release|x64
		{207A7D85-F006-38F4-9D72-CABA0BBF98B5}.MinSizeRel|x64.ActiveCfg = MinSizeRel|x64
		{207A7D85-F006-38F4-9D72-CABA0BBF98B5}.MinSizeRel|x64.Build.0 = MinSizeRel|x64
		{207A7D85-F006-38F4-9D72-CABA0BBF98B5}.RelWithDebInfo|x64.ActiveCfg = RelWithDebInfo|x64
		{207A7D85-F006-38F4-9D72-CABA0BBF98B5}.RelWithDebInfo|x64.Build.0 = RelWithDebInfo|x64
		{39C26BA8-CF6D-3F66-B51D-D4ACBA729E48}.Debug|x64.ActiveCfg = Debug|x64
		{39C26BA8-CF6D-3F66-B51D-D4ACBA729E48}.Debug|x64.Build.0 = Debug|x64
		{39C26BA8-CF6D-3F66-B51D-D4ACBA729E48}.Release|x64.ActiveCfg = Release|x64
		{39C26BA8-CF6D-3F66-B51D-D4ACBA729E48}.Release|x64.Build.0 = Release|x64
		{39C26BA8-CF6D-3F66-B51D-D4ACBA729E48}.MinSizeRel|x64.ActiveCfg = MinSizeRel|x64
		{39C26BA8-CF6D-3F66-B51D-D4ACBA729E48}.MinSizeRel|x64.Build.0 = MinSizeRel|x64
		{39C26BA8-CF6D-3F66-B51D-D4ACBA729E48}.RelWithDebInfo|x64.ActiveCfg = RelWithDebInfo|x64
		{39C26BA8-CF6D-3F66-B51D-D4ACBA729E48}.RelWithDebInfo|x64.Build.0 = RelWithDebInfo|x64
		{888C29B2-4340-3C5F-9A78-E68068D096F4}.Debug|x64.ActiveCfg = Debug|x64
		{888C29B2-4340-3C5F-9A78-E68068D096F4}.Debug|x64.Build.0 = Debug|x64
		{888C29B2-4340-3C5F-9A78-E68068D096F4}.Release|x64.ActiveCfg = Release|x64
		{888C29B2-4340-3C5F-9A78-E68068D096F4}.Release|x64.Build.0 = Release|x64
		{888C29B2-4340-3C5F-9A78-E68068D096F4}.MinSizeRel|x64.ActiveCfg = MinSizeRel|x64
		{888C29B2-4340-3C5F-9A78-E68068D096F4}.MinSizeRel|x64.Build.0 = MinSizeRel|x64
		{888C29B2-4340-3C5F-9A78-E68068D096F4}.RelWithDebInfo|x64.ActiveCfg = RelWithDebInfo|x64
		{888C29B2-4340-3C5F-9A78-E68068D096F4}.RelWithDebInfo|x64.Build.0 = RelWithDebInfo|x64
		{F9A7A9D9-590D-3D30-9F6A-1B533BE76DE0}.Debug|x64.ActiveCfg = Debug|x64
		{F9A7A9D9-590D-3D30-9F6A-1B533BE76DE0}.Debug|x64.Build.0 = Debug|x64
		{F9A7A9D9-590D-3D30-9F6A-1B533BE76DE0}.Release|x64.ActiveCfg = Release|x64
		{F9A7A9D9-590D-3D30-9F6A-1B533BE76DE0}.Release|x64.Build.0 = Release|x64
		{F9A7A9D9-590D-3D30-9F6A-1B533BE76DE0}.MinSizeRel|x64.ActiveCfg = MinSizeRel|x64
		{F9A7A9D9-590D-3D30-9F6A-1B533BE76DE0}.MinSizeRel|x64.Build.0 = MinSizeRel|x64
		{F9A7A9D9-590D-3D30-9F6A-1B533BE76DE0}.RelWithDebInfo|x64.ActiveCfg = RelWithDebInfo|x64
		{F9A7A9D9-590D-3D30-9F6A-1B533BE76DE0}.RelWithDebInfo|x64.Build.0 = RelWithDebInfo|x64
		{68814ADF-650D-390A-A5B5-5E7090229592}.Debug|x64.ActiveCfg = Debug|x64
		{68814ADF-650D-390A-A5B5-5E7090229592}.Debug|x64.Build.0 = Debug|x64
		{68814ADF-650D-390A-A5B5-5E7090229592}.Release|x64.ActiveCfg = Release|x64
		{68814ADF-650D-390A-A5B5-5E7090229592}.Release|x64.Build.0 = Release|x64
		{68814ADF-650D-390A-A5B5-5E7090229592}.MinSizeRel|x64.ActiveCfg = MinSizeRel|x64
		{68814ADF-650D-390A-A5B5-5E7090229592}.MinSizeRel|x64.Build.0 = MinSizeRel|x64
		{68814ADF-650D-390A-A5B5-5E7090229592}.RelWithDebInfo|x64.ActiveCfg = RelWithDebInfo|x64
		{68814ADF-650D-390A-A5B5-5E7090229592}.RelWithDebInfo|x64.Build.0 = RelWithDebInfo|x64
		{C782ADF9-74FD-39D7-97BE-34961E6230C1}.Debug|x64.ActiveCfg = Debug|x64
		{C782ADF9-74FD-39D7-97BE-34961E6230C1}.Debug|x64.Build.0 = Debug|x64
		{C782ADF9-74FD-39D7-97BE-34961E6230C1}.Release|x64.ActiveCfg = Release|x64
		{C782ADF9-74FD-39D7-97BE-34961E6230C1}.Release|x64.Build.0 = Release|x64
		{C782ADF9-74FD-39D7-97BE-34961E6230C1}.MinSizeRel|x64.ActiveCfg = MinSizeRel|x64
		{C782ADF9-74FD-39D7-97BE-34961E6230C1}.MinSizeRel|x64.Build.0 = MinSizeRel|x64
		{C782ADF9-74FD-39D7-97BE-34961E6230C1}.RelWithDebInfo|x64.ActiveCfg = RelWithDebInfo|x64
		{C782ADF9-74FD-39D7-97BE-34961E6230C1}.RelWithDebInfo|x64.Build.0 = RelWithDebInfo|x64
		{F5B5C9B5-FFD2-3F64-B05A-5D579DBF2797}.Debug|x64.ActiveCfg = Debug|x64
		{F5B5C9B5-FFD2-3F64-B05A-5D579DBF2797}.Debug|x64.Build.0 = Debug|x64
		{F5B5C9B5-FFD2-3F64-B05A-5D579DBF2797}.Release|x64.ActiveCfg = Release|x64
		{F5B5C9B5-FFD2-3F64-B05A-5D579DBF2797}.Release|x64.Build.0 = Release|x64
		{F5B5C9B5-FFD2-3F64-B05A-5D579DBF2797}.MinSizeRel|x64.ActiveCfg = MinSizeRel|x64
		{F5B5C9B5-FFD2-3F64-B05A-5D579DBF2797}.MinSizeRel|x64.Build.0 = MinSizeRel|x64
		{F5B5C9B5-FFD2-3F64-B05A-5D579DBF2797}.RelWithDebInfo|x64.ActiveCfg = RelWithDebInfo|x64
		{F5B5C9B5-FFD2-3F64-B05A-5D579DBF2797}.RelWithDebInfo|x64.Build.0 = RelWithDebInfo|x64
		{4D8A6D9A-C918-31DB-B322-B0F2730CF33C}.Debug|x64.ActiveCfg = Debug|x64
		{4D8A6D9A-C918-31DB-B322-B0F2730CF33C}.Debug|x64.Build.0 = Debug|x64
		{4D8A6D9A-C918-31DB-B322-B0F2730CF33C}.Release|x64.ActiveCfg = Release|x64
		{4D8A6D9A-C918-31DB-B322-B0F2730CF33C}.Release|x64.Build.0 = Release|x64
		{4D8A6D9A-C918-31DB-B322-B0F2730CF33C}.MinSizeRel|x64.ActiveCfg = MinSizeRel|x64
		{4D8A6D9A-C918-31DB-B322-B0F2730CF33C}.MinSizeRel|x64.Build.0 = MinSizeRel|x64
		{4D8A6D9A-C918-31DB-B322-B0F2730CF33C}.RelWithDebInfo|x64.ActiveCfg = RelWithDebInfo|x64
		{4D8A6D9A-C918-31DB-B322-B0F2730CF33C}.RelWithDebInfo|x64.Build.0 = RelWithDebInfo|x64
		{3908BED3-8446-30CE-8D30-BD6EF4D5DFE9}.Debug|x64.ActiveCfg = Debug|x64
		{3908BED3-8446-30CE-8D30-BD6EF4D5DFE9}.Debug|x64.Build.0 = Debug|x64
		{3908BED3-8446-30CE-8D30-BD6EF4D5DFE9}.Release|x64.ActiveCfg = Release|x64
		{3908BED3-8446-30CE-8D30-BD6EF4D5DFE9}.Release|x64.Build.0 = Release|x64
		{3908BED3-8446-30CE-8D30-BD6EF4D5DFE9}.MinSizeRel|x64.ActiveCfg = MinSizeRel|x64
		{3908BED3-8446-30CE-8D30-BD6EF4D5DFE9}.MinSizeRel|x64.Build.0 = MinSizeRel|x64
		{3908BED3-8446-30CE-8D30-BD6EF4D5DFE9}.RelWithDebInfo|x64.ActiveCfg = RelWithDebInfo|x64
		{3908BED3-8446-30CE-8D30-BD6EF4D5DFE9}.RelWithDebInfo|x64.Build.0 = RelWithDebInfo|x64
		{4A8D129A-F384-36AC-828E-B4A1C8C79980}.Debug|x64.ActiveCfg = Debug|x64
		{4A8D129A-F384-36AC-828E-B4A1C8C79980}.Debug|x64.Build.0 = Debug|x64
		{4A8D129A-F384-36AC-828E-B4A1C8C79980}.Release|x64.ActiveCfg = Release|x64
		{4A8D129A-F384-36AC-828E-B4A1C8C79980}.Release|x64.Build.0 = Release|x64
		{4A8D129A-F384-36AC-828E-B4A1C8C79980}.MinSizeRel|x64.ActiveCfg = MinSizeRel|x64
		{4A8D129A-F384-36AC-828E-B4A1C8C79980}.MinSizeRel|x64.Build.0 = MinSizeRel|x64
		{4A8D129A-F384-36AC-828E-B4A1C8C79980}.RelWithDebInfo|x64.ActiveCfg = RelWithDebInfo|x64
		{4A8D129A-F384-36AC-828E-B4A1C8C79980}.RelWithDebInfo|x64.Build.0 = RelWithDebInfo|x64
		{D3538D75-9F02-3E87-B28F-1866C391D886}.Debug|x64.ActiveCfg = Debug|x64
		{D3538D75-9F02-3E87-B28F-1866C391D886}.Debug|x64.Build.0 = Debug|x64
		{D3538D75-9F02-3E87-B28F-1866C391D886}.Release|x64.ActiveCfg = Release|x64
		{D3538D75-9F02-3E87-B28F-1866C391D886}.Release|x64.Build.0 = Release|x64
		{D3538D75-9F02-3E87-B28F-1866C391D886}.MinSizeRel|x64.ActiveCfg = MinSizeRel|x64
		{D3538D75-9F02-3E87-B28F-1866C391D886}.MinSizeRel|x64.Build.0 = MinSizeRel|x64
		{D3538D75-9F02-3E87-B28F-1866C391D886}.RelWithDebInfo|x64.ActiveCfg = RelWithDebInfo|x64
		{D3538D75-9F02-3E87-B28F-1866C391D886}.RelWithDebInfo|x64.Build.0 = RelWithDebInfo|x64
		{F9BAA268-9703-39E6-89AE-C0FEBDDA12BC}.Debug|x64.ActiveCfg = Debug|x64
		{F9BAA268-9703-39E6-89AE-C0FEBDDA12BC}.Debug|x64.Build.0 = Debug|x64
		{F9BAA268-9703-39E6-89AE-C0FEBDDA12BC}.Release|x64.ActiveCfg = Release|x64
		{F9BAA268-9703-39E6-89AE-C0FEBDDA12BC}.Release|x64.Build.0 = Release|x64
		{F9BAA268-9703-39E6-89AE-C0FEBDDA12BC}.MinSizeRel|x64.ActiveCfg = MinSizeRel|x64
		{F9BAA268-9703-39E6-89AE-C0FEBDDA12BC}.MinSizeRel|x64.Build.0 = MinSizeRel|x64
		{F9BAA268-9703-39E6-89AE-C0FEBDDA12BC}.RelWithDebInfo|x64.ActiveCfg = RelWithDebInfo|x64
		{F9BAA268-9703-39E6-89AE-C0FEBDDA12BC}.RelWithDebInfo|x64.Build.0 = RelWithDebInfo|x64
		{8187B345-5D62-3533-BCF6-603DAAD6CFD1}.Debug|x64.ActiveCfg = Debug|x64
		{8187B345-5D62-3533-BCF6-603DAAD6CFD1}.Debug|x64.Build.0 = Debug|x64
		{8187B345-5D62-3533-BCF6-603DAAD6CFD1}.Release|x64.ActiveCfg = Release|x64
		{8187B345-5D62-3533-BCF6-603DAAD6CFD1}.Release|x64.Build.0 = Release|x64
		{8187B345-5D62-3533-BCF6-603DAAD6CFD1}.MinSizeRel|x64.ActiveCfg = MinSizeRel|x64
		{8187B345-5D62-3533-BCF6-603DAAD6CFD1}.MinSizeRel|x64.Build.0 = MinSizeRel|x64
		{8187B345-5D62-3533-BCF6-603DAAD6CFD1}.RelWithDebInfo|x64.ActiveCfg = RelWithDebInfo|x64
		{8187B345-5D62-3533-BCF6-603DAAD6CFD1}.RelWithDebInfo|x64.Build.0 = RelWithDebInfo|x64
	EndGlobalSection
	GlobalSection(NestedProjects) = preSolution
		{935DD0D9-586A-37D5-A513-CCEC15FB66B8} = {69E31A15-3B1E-3E91-B409-BFFBE456FEAE}
		{46FEF014-2F89-32D7-B9F2-5230AD2DE93C} = {69E31A15-3B1E-3E91-B409-BFFBE456FEAE}
		{CC4D45EB-60A1-3342-A094-6D057095456A} = {69E31A15-3B1E-3E91-B409-BFFBE456FEAE}
		{1E2870C7-9622-3C25-8C5E-A21866FD2944} = {69E31A15-3B1E-3E91-B409-BFFBE456FEAE}
		{520ACA72-CDDB-355E-B76B-B2F300696B9D} = {FC1741C6-B1A1-3F43-A240-C180C4E632E1}
		{94048A5D-B742-377F-BA1E-56FC3C36F62A} = {FC1741C6-B1A1-3F43-A240-C180C4E632E1}
		{F7AB97DB-A6ED-3DA8-9F18-B9248CFEFD1E} = {FC1741C6-B1A1-3F43-A240-C180C4E632E1}
		{17B0680F-622E-3340-B362-BDC63B30A246} = {FC1741C6-B1A1-3F43-A240-C180C4E632E1}
		{C782ADF9-74FD-39D7-97BE-34961E6230C1} = {FC1741C6-B1A1-3F43-A240-C180C4E632E1}
		{D3538D75-9F02-3E87-B28F-1866C391D886} = {FC1741C6-B1A1-3F43-A240-C180C4E632E1}
		{F9BAA268-9703-39E6-89AE-C0FEBDDA12BC} = {FC1741C6-B1A1-3F43-A240-C180C4E632E1}
		{F5B5C9B5-FFD2-3F64-B05A-5D579DBF2797} = {4D49FD49-5EAD-3663-AB11-3834EAA0CF3E}
		{4D8A6D9A-C918-31DB-B322-B0F2730CF33C} = {4D49FD49-5EAD-3663-AB11-3834EAA0CF3E}
		{3908BED3-8446-30CE-8D30-BD6EF4D5DFE9} = {4D49FD49-5EAD-3663-AB11-3834EAA0CF3E}
		{4A8D129A-F384-36AC-828E-B4A1C8C79980} = {4D49FD49-5EAD-3663-AB11-3834EAA0CF3E}
		{C95FF20A-F099-32CE-8788-D87647E76967} = {F1D5DE39-910F-3DEE-9634-317ADB608DCC}
		{9B798F63-759D-3A3F-9AF3-812BA8EF1359} = {16A6D89B-A137-3629-BDA9-CAA957F6AD71}
		{888C29B2-4340-3C5F-9A78-E68068D096F4} = {16A6D89B-A137-3629-BDA9-CAA957F6AD71}
		{F9A7A9D9-590D-3D30-9F6A-1B533BE76DE0} = {16A6D89B-A137-3629-BDA9-CAA957F6AD71}
		{68814ADF-650D-390A-A5B5-5E7090229592} = {16A6D89B-A137-3629-BDA9-CAA957F6AD71}
		{8187B345-5D62-3533-BCF6-603DAAD6CFD1} = {16A6D89B-A137-3629-BDA9-CAA957F6AD71}
		{3F6E0A0B-C7F7-3840-90A0-AC41EB6E5959} = {9B798F63-759D-3A3F-9AF3-812BA8EF1359}
		{207A7D85-F006-38F4-9D72-CABA0BBF98B5} = {9B798F63-759D-3A3F-9AF3-812BA8EF1359}
		{39C26BA8-CF6D-3F66-B51D-D4ACBA729E48} = {9B798F63-759D-3A3F-9AF3-812BA8EF1359}
	EndGlobalSection
	GlobalSection(ExtensibilityGlobals) = postSolution
		SolutionGuid = {EF755F0A-2051-3197-B77F-9F2902CABB96}
	EndGlobalSection
	GlobalSection(ExtensibilityAddIns) = postSolution
	EndGlobalSection
EndGlobal
