<?xml version="1.0" encoding="utf-8"?>
<Project ToolsVersion="17.0" xmlns="http://schemas.microsoft.com/developer/msbuild/2003">
  <ItemGroup>
    <ClCompile Include="D:\Workspace\jk2mv-tom\libs\libpng\png.c">
      <Filter>Source Files</Filter>
    </ClCompile>
    <ClCompile Include="D:\Workspace\jk2mv-tom\libs\libpng\pngerror.c">
      <Filter>Source Files</Filter>
    </ClCompile>
    <ClCompile Include="D:\Workspace\jk2mv-tom\libs\libpng\pngget.c">
      <Filter>Source Files</Filter>
    </ClCompile>
    <ClCompile Include="D:\Workspace\jk2mv-tom\libs\libpng\pngmem.c">
      <Filter>Source Files</Filter>
    </ClCompile>
    <ClCompile Include="D:\Workspace\jk2mv-tom\libs\libpng\pngpread.c">
      <Filter>Source Files</Filter>
    </ClCompile>
    <ClCompile Include="D:\Workspace\jk2mv-tom\libs\libpng\pngread.c">
      <Filter>Source Files</Filter>
    </ClCompile>
    <ClCompile Include="D:\Workspace\jk2mv-tom\libs\libpng\pngrio.c">
      <Filter>Source Files</Filter>
    </ClCompile>
    <ClCompile Include="D:\Workspace\jk2mv-tom\libs\libpng\pngrtran.c">
      <Filter>Source Files</Filter>
    </ClCompile>
    <ClCompile Include="D:\Workspace\jk2mv-tom\libs\libpng\pngrutil.c">
      <Filter>Source Files</Filter>
    </ClCompile>
    <ClCompile Include="D:\Workspace\jk2mv-tom\libs\libpng\pngset.c">
      <Filter>Source Files</Filter>
    </ClCompile>
    <ClCompile Include="D:\Workspace\jk2mv-tom\libs\libpng\pngtrans.c">
      <Filter>Source Files</Filter>
    </ClCompile>
    <ClCompile Include="D:\Workspace\jk2mv-tom\libs\libpng\pngwio.c">
      <Filter>Source Files</Filter>
    </ClCompile>
    <ClCompile Include="D:\Workspace\jk2mv-tom\libs\libpng\pngwrite.c">
      <Filter>Source Files</Filter>
    </ClCompile>
    <ClCompile Include="D:\Workspace\jk2mv-tom\libs\libpng\pngwtran.c">
      <Filter>Source Files</Filter>
    </ClCompile>
    <ClCompile Include="D:\Workspace\jk2mv-tom\libs\libpng\pngwutil.c">
      <Filter>Source Files</Filter>
    </ClCompile>
  </ItemGroup>
  <ItemGroup>
    <ClInclude Include="D:\Workspace\jk2mv-tom\libs\libpng\include\png.h">
      <Filter>Header Files</Filter>
    </ClInclude>
    <ClInclude Include="D:\Workspace\jk2mv-tom\libs\libpng\include\pngconf.h">
      <Filter>Header Files</Filter>
    </ClInclude>
    <ClInclude Include="D:\Workspace\jk2mv-tom\libs\libpng\include\pnglibconf.h">
      <Filter>Header Files</Filter>
    </ClInclude>
    <ClInclude Include="D:\Workspace\jk2mv-tom\libs\libpng\pngdebug.h">
      <Filter>Header Files</Filter>
    </ClInclude>
    <ClInclude Include="D:\Workspace\jk2mv-tom\libs\libpng\pnginfo.h">
      <Filter>Header Files</Filter>
    </ClInclude>
    <ClInclude Include="D:\Workspace\jk2mv-tom\libs\libpng\pngpriv.h">
      <Filter>Header Files</Filter>
    </ClInclude>
    <ClInclude Include="D:\Workspace\jk2mv-tom\libs\libpng\pngstruct.h">
      <Filter>Header Files</Filter>
    </ClInclude>
  </ItemGroup>
  <ItemGroup>
    <CustomBuild Include="D:\Workspace\jk2mv-tom\libs\libpng\CMakeLists.txt" />
  </ItemGroup>
  <ItemGroup>
    <Filter Include="Header Files">
      <UniqueIdentifier>{0662C4BF-48C6-3B4B-A57F-BC7DF878C2D0}</UniqueIdentifier>
    </Filter>
    <Filter Include="Source Files">
      <UniqueIdentifier>{C52F9EEB-7B12-3B1B-81B3-8042CB6E761C}</UniqueIdentifier>
    </Filter>
  </ItemGroup>
</Project>
