<?xml version="1.0" encoding="utf-8"?>
<Project ToolsVersion="17.0" xmlns="http://schemas.microsoft.com/developer/msbuild/2003">
  <ItemGroup>
    <CustomBuild Include="D:\Workspace\jk2mv-tom\build-clean\CMakeFiles\958b529489bf9663c46d7789ece7a258\PACKAGE_force.rule">
      <Filter>CMake Rules</Filter>
    </CustomBuild>
  </ItemGroup>
  <ItemGroup>
    <Filter Include="CMake Rules">
      <UniqueIdentifier>{390838C7-6FD8-324C-9019-129EB31923EC}</UniqueIdentifier>
    </Filter>
  </ItemGroup>
</Project>
