<?xml version="1.0" encoding="utf-8"?>
<Project ToolsVersion="17.0" xmlns="http://schemas.microsoft.com/developer/msbuild/2003">
  <ItemGroup>
    <ClCompile Include="D:\Workspace\jk2mv-tom\libs\libjpeg-turbo\jcapistd.c">
      <Filter>Source Files</Filter>
    </ClCompile>
    <ClCompile Include="D:\Workspace\jk2mv-tom\libs\libjpeg-turbo\jccolor.c">
      <Filter>Source Files</Filter>
    </ClCompile>
    <ClCompile Include="D:\Workspace\jk2mv-tom\libs\libjpeg-turbo\jcdiffct.c">
      <Filter>Source Files</Filter>
    </ClCompile>
    <ClCompile Include="D:\Workspace\jk2mv-tom\libs\libjpeg-turbo\jclossls.c">
      <Filter>Source Files</Filter>
    </ClCompile>
    <ClCompile Include="D:\Workspace\jk2mv-tom\libs\libjpeg-turbo\jcmainct.c">
      <Filter>Source Files</Filter>
    </ClCompile>
    <ClCompile Include="D:\Workspace\jk2mv-tom\libs\libjpeg-turbo\jcprepct.c">
      <Filter>Source Files</Filter>
    </ClCompile>
    <ClCompile Include="D:\Workspace\jk2mv-tom\libs\libjpeg-turbo\jcsample.c">
      <Filter>Source Files</Filter>
    </ClCompile>
    <ClCompile Include="D:\Workspace\jk2mv-tom\libs\libjpeg-turbo\jdapistd.c">
      <Filter>Source Files</Filter>
    </ClCompile>
    <ClCompile Include="D:\Workspace\jk2mv-tom\libs\libjpeg-turbo\jdcolor.c">
      <Filter>Source Files</Filter>
    </ClCompile>
    <ClCompile Include="D:\Workspace\jk2mv-tom\libs\libjpeg-turbo\jddiffct.c">
      <Filter>Source Files</Filter>
    </ClCompile>
    <ClCompile Include="D:\Workspace\jk2mv-tom\libs\libjpeg-turbo\jdlossls.c">
      <Filter>Source Files</Filter>
    </ClCompile>
    <ClCompile Include="D:\Workspace\jk2mv-tom\libs\libjpeg-turbo\jdmainct.c">
      <Filter>Source Files</Filter>
    </ClCompile>
    <ClCompile Include="D:\Workspace\jk2mv-tom\libs\libjpeg-turbo\jdpostct.c">
      <Filter>Source Files</Filter>
    </ClCompile>
    <ClCompile Include="D:\Workspace\jk2mv-tom\libs\libjpeg-turbo\jdsample.c">
      <Filter>Source Files</Filter>
    </ClCompile>
    <ClCompile Include="D:\Workspace\jk2mv-tom\libs\libjpeg-turbo\jutils.c">
      <Filter>Source Files</Filter>
    </ClCompile>
  </ItemGroup>
  <ItemGroup>
    <CustomBuild Include="D:\Workspace\jk2mv-tom\libs\libjpeg-turbo\CMakeLists.txt" />
  </ItemGroup>
  <ItemGroup>
    <Filter Include="Source Files">
      <UniqueIdentifier>{5B91F194-295C-362D-A4D2-7CC417C3A4EB}</UniqueIdentifier>
    </Filter>
  </ItemGroup>
</Project>
