<?xml version="1.0" encoding="utf-8"?>
<Project ToolsVersion="17.0" xmlns="http://schemas.microsoft.com/developer/msbuild/2003">
  <ItemGroup>
    <CustomBuild Include="D:\Workspace\jk2mv-tom\build_verify\CMakeFiles\94e070a70156d027407e57879694d249\assetsmv2.pk3.rule">
      <Filter>CMake Rules</Filter>
    </CustomBuild>
    <CustomBuild Include="D:\Workspace\jk2mv-tom\build_verify\CMakeFiles\1d18f42e976a5877502b789d3d6a13cd\assetsmv2.rule">
      <Filter>CMake Rules</Filter>
    </CustomBuild>
    <CustomBuild Include="D:\Workspace\jk2mv-tom\src\mvsdk\code\CMakeLists.txt" />
  </ItemGroup>
  <ItemGroup>
    <None Include="D:\Workspace\jk2mv-tom\build_verify\src\mvsdk\code\CMakeFiles\assetsmv2" />
  </ItemGroup>
  <ItemGroup>
    <Filter Include="CMake Rules">
      <UniqueIdentifier>{75579940-88C7-3F00-BFE7-E9BAA596F188}</UniqueIdentifier>
    </Filter>
  </ItemGroup>
</Project>
