<?xml version="1.0" encoding="utf-8"?>
<Project ToolsVersion="17.0" xmlns="http://schemas.microsoft.com/developer/msbuild/2003">
  <ItemGroup>
    <CustomBuild Include="D:\Workspace\jk2mv-tom\build-clean\CMakeFiles\6b9599ad978dcfda05e31b9dadd289bd\jk2pro-bins.pk3.rule">
      <Filter>CMake Rules</Filter>
    </CustomBuild>
    <CustomBuild Include="D:\Workspace\jk2mv-tom\build-clean\CMakeFiles\5e045d8dcc09f2e9e7124ec8df3612c0\bins-jk2pro.rule">
      <Filter>CMake Rules</Filter>
    </CustomBuild>
    <CustomBuild Include="D:\Workspace\jk2mv-tom\src\mvsdk\code\CMakeLists.txt" />
  </ItemGroup>
  <ItemGroup>
    <None Include="D:\Workspace\jk2mv-tom\build-clean\src\mvsdk\code\CMakeFiles\bins-jk2pro" />
  </ItemGroup>
  <ItemGroup>
    <Filter Include="CMake Rules">
      <UniqueIdentifier>{390838C7-6FD8-324C-9019-129EB31923EC}</UniqueIdentifier>
    </Filter>
  </ItemGroup>
</Project>
