<?xml version="1.0" encoding="utf-8"?>
<Project ToolsVersion="17.0" xmlns="http://schemas.microsoft.com/developer/msbuild/2003">
  <ItemGroup>
    <CustomBuild Include="D:\Workspace\jk2mv-tom\build_verify\CMakeFiles\d226f69d9a0b7bbf9f9e3071cd0b12d6\assetsmv.pk3.rule">
      <Filter>CMake Rules</Filter>
    </CustomBuild>
    <CustomBuild Include="D:\Workspace\jk2mv-tom\build_verify\CMakeFiles\3ee121022f3e03dca80db7ca0ee17fb0\assetsmv.rule">
      <Filter>CMake Rules</Filter>
    </CustomBuild>
    <CustomBuild Include="D:\Workspace\jk2mv-tom\assets\jk2mv\CMakeLists.txt" />
  </ItemGroup>
  <ItemGroup>
    <None Include="D:\Workspace\jk2mv-tom\build_verify\assets\jk2mv\CMakeFiles\assetsmv" />
  </ItemGroup>
  <ItemGroup>
    <Filter Include="CMake Rules">
      <UniqueIdentifier>{75579940-88C7-3F00-BFE7-E9BAA596F188}</UniqueIdentifier>
    </Filter>
  </ItemGroup>
</Project>
