<?xml version="1.0" encoding="utf-8"?>
<Project ToolsVersion="17.0" xmlns="http://schemas.microsoft.com/developer/msbuild/2003">
  <ItemGroup>
    <ClCompile Include="D:\Workspace\jk2mv-tom\libs\minizip\ioapi.c">
      <Filter>Source Files</Filter>
    </ClCompile>
    <ClCompile Include="D:\Workspace\jk2mv-tom\libs\minizip\unzip.c">
      <Filter>Source Files</Filter>
    </ClCompile>
  </ItemGroup>
  <ItemGroup>
    <CustomBuild Include="D:\Workspace\jk2mv-tom\libs\minizip\CMakeLists.txt" />
  </ItemGroup>
  <ItemGroup>
    <Filter Include="Source Files">
      <UniqueIdentifier>{C037723B-D36A-38FE-8F3B-A4EA06A6C20F}</UniqueIdentifier>
    </Filter>
  </ItemGroup>
</Project>
