<?xml version="1.0" encoding="utf-8"?>
<Project ToolsVersion="17.0" xmlns="http://schemas.microsoft.com/developer/msbuild/2003">
  <ItemGroup>
    <ClCompile Include="D:\Workspace\jk2mv-tom\src\mvsdk\tools\asm\cmdlib.c">
      <Filter>Source Files</Filter>
    </ClCompile>
    <ClCompile Include="D:\Workspace\jk2mv-tom\src\mvsdk\tools\asm\q3asm.c">
      <Filter>Source Files</Filter>
    </ClCompile>
  </ItemGroup>
  <ItemGroup>
    <ClInclude Include="D:\Workspace\jk2mv-tom\src\mvsdk\tools\asm\cmdlib.h">
      <Filter>Header Files</Filter>
    </ClInclude>
    <ClInclude Include="D:\Workspace\jk2mv-tom\src\mvsdk\tools\asm\mathlib.h">
      <Filter>Header Files</Filter>
    </ClInclude>
    <ClInclude Include="D:\Workspace\jk2mv-tom\src\mvsdk\tools\asm\opstrings.h">
      <Filter>Header Files</Filter>
    </ClInclude>
  </ItemGroup>
  <ItemGroup>
    <CustomBuild Include="D:\Workspace\jk2mv-tom\src\mvsdk\tools\asm\CMakeLists.txt" />
  </ItemGroup>
  <ItemGroup>
    <Filter Include="Header Files">
      <UniqueIdentifier>{A38B2F1F-0AA5-314E-845B-14B1084BD2C6}</UniqueIdentifier>
    </Filter>
    <Filter Include="Source Files">
      <UniqueIdentifier>{B5658E07-7327-30A5-9300-96212E88C497}</UniqueIdentifier>
    </Filter>
  </ItemGroup>
</Project>
